%{
  "faker": {:hex, :faker, "0.18.0", "943e479319a22ea4e8e39e8e076b81c02827d9302f3d32726c5bf82f430e6e14", [:mix], [], "hexpm", "bfbdd83958d78e2788e99ec9317c4816e651ad05e24cfd1196ce5db5b3e81797"},
  "ham": {:hex, :ham, "0.3.0", "7cd031b4a55fba219c11553e7b13ba73bd86eab4034518445eff1e038cb9a44d", [:mix], [], "hexpm", "7d6c6b73d7a6a83233876cc1b06a4d9b5de05562b228effda4532f9a49852bf6"},
  "mimic": {:hex, :mimic, "1.11.0", "49b126687520b6e179acab305068ad7d72bfea8abe94908a6c0c8ca0a5b7bdc7", [:mix], [{:ham, "~> 0.2", [hex: :ham, repo: "hexpm", optional: false]}], "hexpm", "8b16b1809ca947cffbaede146cd42da8c1c326af67a84b59b01c204d54e4f1a2"},
  "typed_struct": {:hex, :typed_struct, "0.3.0", "939789e3c1dca39d7170c87f729127469d1315dcf99fee8e152bb774b17e7ff7", [:mix], [], "hexpm", "c50bd5c3a61fe4e198a8504f939be3d3c85903b382bde4865579bc23111d1b6d"},
}
